
Microsoft Visual Studio Solution File, Format Version 12.00
# Visual Studio 15
VisualStudioVersion = 15.0.28010.2050
MinimumVisualStudioVersion = 10.0.40219.1
Project("{9A19103F-16F7-4668-BE54-9A1E7A4F7556}") = "ThinSdk", "thinsdk.neo\ThinSdk.csproj", "{1DDF5587-8ED7-4E5D-95CE-117A55BB0910}"
EndProject
Project("{FAE04EC0-301F-11D3-BF4B-00C04F79EFBC}") = "sdk.UniTest", "sdk.UniTest\sdk.UniTest.csproj", "{956A7603-1666-49FF-87DD-17D238B08BD9}"
EndProject
Global
	GlobalSection(SolutionConfigurationPlatforms) = preSolution
		Debug|Any CPU = Debug|Any CPU
		Release|Any CPU = Release|Any CPU
	EndGlobalSection
	GlobalSection(ProjectConfigurationPlatforms) = postSolution
		{1DDF5587-8ED7-4E5D-95CE-117A55BB0910}.Debug|Any CPU.ActiveCfg = Debug|Any CPU
		{1DDF5587-8ED7-4E5D-95CE-117A55BB0910}.Debug|Any CPU.Build.0 = Debug|Any CPU
		{1DDF5587-8ED7-4E5D-95CE-117A55BB0910}.Release|Any CPU.ActiveCfg = Release|Any CPU
		{1DDF5587-8ED7-4E5D-95CE-117A55BB0910}.Release|Any CPU.Build.0 = Release|Any CPU
		{956A7603-1666-49FF-87DD-17D238B08BD9}.Debug|Any CPU.ActiveCfg = Debug|Any CPU
		{956A7603-1666-49FF-87DD-17D238B08BD9}.Debug|Any CPU.Build.0 = Debug|Any CPU
		{956A7603-1666-49FF-87DD-17D238B08BD9}.Release|Any CPU.ActiveCfg = Release|Any CPU
		{956A7603-1666-49FF-87DD-17D238B08BD9}.Release|Any CPU.Build.0 = Release|Any CPU
	EndGlobalSection
	GlobalSection(SolutionProperties) = preSolution
		HideSolutionNode = FALSE
	EndGlobalSection
	GlobalSection(ExtensibilityGlobals) = postSolution
		SolutionGuid = {1AAB5220-C455-4BF2-8810-3D57531E745A}
	EndGlobalSection
EndGlobal
